// !$*UTF8*$!
{
	archiveVersion = 1;
	classes = {
	};
	objectVersion = 46;
	objects = {

/* Begin PBXBuildFile section */
		3B75FC4D1E72C60300C33A27 /* main.m in Sources */ = {isa = PBXBuildFile; fileRef = 3B75FC4C1E72C60300C33A27 /* main.m */; };
		3B75FC501E72C60300C33A27 /* AppDelegate.m in Sources */ = {isa = PBXBuildFile; fileRef = 3B75FC4F1E72C60300C33A27 /* AppDelegate.m */; };
		3B75FC531E72C60300C33A27 /* CharactersViewController.m in Sources */ = {isa = PBXBuildFile; fileRef = 3B75FC521E72C60300C33A27 /* CharactersViewController.m */; };
		3B75FC561E72C60300C33A27 /* Main.storyboard in Resources */ = {isa = PBXBuildFile; fileRef = 3B75FC541E72C60300C33A27 /* Main.storyboard */; };
		3B75FC581E72C60300C33A27 /* Assets.xcassets in Resources */ = {isa = PBXBuildFile; fileRef = 3B75FC571E72C60300C33A27 /* Assets.xcassets */; };
		3B75FC5B1E72C60300C33A27 /* LaunchScreen.storyboard in Resources */ = {isa = PBXBuildFile; fileRef = 3B75FC591E72C60300C33A27 /* LaunchScreen.storyboard */; };
		3B75FC661E72C60300C33A27 /* DungeonsDragonsTests.m in Sources */ = {isa = PBXBuildFile; fileRef = 3B75FC651E72C60300C33A27 /* DungeonsDragonsTests.m */; };
		3B75FC721E72CA0100C33A27 /* CharacterTableViewCell.m in Sources */ = {isa = PBXBuildFile; fileRef = 3B75FC711E72CA0100C33A27 /* CharacterTableViewCell.m */; };
		3B75FC761E72E43600C33A27 /* CharacterEntity.m in Sources */ = {isa = PBXBuildFile; fileRef = 3B75FC751E72E43600C33A27 /* CharacterEntity.m */; };
		3B75FC791E72F6D400C33A27 /* CharactersModel.m in Sources */ = {isa = PBXBuildFile; fileRef = 3B75FC781E72F6D400C33A27 /* CharactersModel.m */; };
		3B75FC7C1E72FD7600C33A27 /* CharacteristicTableViewCell.m in Sources */ = {isa = PBXBuildFile; fileRef = 3B75FC7B1E72FD7600C33A27 /* CharacteristicTableViewCell.m */; };
		95AE931E2784C78300EAF0E4 /* README.md in Resources */ = {isa = PBXBuildFile; fileRef = 95AE931D2784C78300EAF0E4 /* README.md */; };
/* End PBXBuildFile section */

/* Begin PBXContainerItemProxy section */
		3B75FC621E72C60300C33A27 /* PBXContainerItemProxy */ = {
			isa = PBXContainerItemProxy;
			containerPortal = 3B75FC401E72C60200C33A27 /* Project object */;
			proxyType = 1;
			remoteGlobalIDString = 3B75FC471E72C60200C33A27;
			remoteInfo = Coya_SergeiPrikhodko;
		};
/* End PBXContainerItemProxy section */

/* Begin PBXFileReference section */
		3B75FC481E72C60300C33A27 /* D&D.app */ = {isa = PBXFileReference; explicitFileType = wrapper.application; includeInIndex = 0; path = "D&D.app"; sourceTree = BUILT_PRODUCTS_DIR; };
		3B75FC4C1E72C60300C33A27 /* main.m */ = {isa = PBXFileReference; lastKnownFileType = sourcecode.c.objc; path = main.m; sourceTree = "<group>"; };
		3B75FC4E1E72C60300C33A27 /* AppDelegate.h */ = {isa = PBXFileReference; lastKnownFileType = sourcecode.c.h; path = AppDelegate.h; sourceTree = "<group>"; };
		3B75FC4F1E72C60300C33A27 /* AppDelegate.m */ = {isa = PBXFileReference; lastKnownFileType = sourcecode.c.objc; path = AppDelegate.m; sourceTree = "<group>"; };
		3B75FC511E72C60300C33A27 /* CharactersViewController.h */ = {isa = PBXFileReference; lastKnownFileType = sourcecode.c.h; path = CharactersViewController.h; sourceTree = "<group>"; };
		3B75FC521E72C60300C33A27 /* CharactersViewController.m */ = {isa = PBXFileReference; lastKnownFileType = sourcecode.c.objc; path = CharactersViewController.m; sourceTree = "<group>"; };
		3B75FC551E72C60300C33A27 /* Base */ = {isa = PBXFileReference; lastKnownFileType = file.storyboard; name = Base; path = Base.lproj/Main.storyboard; sourceTree = "<group>"; };
		3B75FC571E72C60300C33A27 /* Assets.xcassets */ = {isa = PBXFileReference; lastKnownFileType = folder.assetcatalog; path = Assets.xcassets; sourceTree = "<group>"; };
		3B75FC5A1E72C60300C33A27 /* Base */ = {isa = PBXFileReference; lastKnownFileType = file.storyboard; name = Base; path = Base.lproj/LaunchScreen.storyboard; sourceTree = "<group>"; };
		3B75FC5C1E72C60300C33A27 /* Info.plist */ = {isa = PBXFileReference; lastKnownFileType = text.plist.xml; path = Info.plist; sourceTree = "<group>"; };
		3B75FC611E72C60300C33A27 /* DungeonsDragonsTests.xctest */ = {isa = PBXFileReference; explicitFileType = wrapper.cfbundle; includeInIndex = 0; path = DungeonsDragonsTests.xctest; sourceTree = BUILT_PRODUCTS_DIR; };
		3B75FC651E72C60300C33A27 /* DungeonsDragonsTests.m */ = {isa = PBXFileReference; lastKnownFileType = sourcecode.c.objc; path = DungeonsDragonsTests.m; sourceTree = "<group>"; };
		3B75FC671E72C60300C33A27 /* Info.plist */ = {isa = PBXFileReference; lastKnownFileType = text.plist.xml; path = Info.plist; sourceTree = "<group>"; };
		3B75FC701E72CA0100C33A27 /* CharacterTableViewCell.h */ = {isa = PBXFileReference; fileEncoding = 4; lastKnownFileType = sourcecode.c.h; path = CharacterTableViewCell.h; sourceTree = "<group>"; };
		3B75FC711E72CA0100C33A27 /* CharacterTableViewCell.m */ = {isa = PBXFileReference; fileEncoding = 4; lastKnownFileType = sourcecode.c.objc; path = CharacterTableViewCell.m; sourceTree = "<group>"; };
		3B75FC741E72E43600C33A27 /* CharacterEntity.h */ = {isa = PBXFileReference; fileEncoding = 4; lastKnownFileType = sourcecode.c.h; path = CharacterEntity.h; sourceTree = "<group>"; };
		3B75FC751E72E43600C33A27 /* CharacterEntity.m */ = {isa = PBXFileReference; fileEncoding = 4; lastKnownFileType = sourcecode.c.objc; path = CharacterEntity.m; sourceTree = "<group>"; };
		3B75FC771E72F6D400C33A27 /* CharactersModel.h */ = {isa = PBXFileReference; fileEncoding = 4; lastKnownFileType = sourcecode.c.h; path = CharactersModel.h; sourceTree = "<group>"; };
		3B75FC781E72F6D400C33A27 /* CharactersModel.m */ = {isa = PBXFileReference; fileEncoding = 4; lastKnownFileType = sourcecode.c.objc; path = CharactersModel.m; sourceTree = "<group>"; };
		3B75FC7A1E72FD7600C33A27 /* CharacteristicTableViewCell.h */ = {isa = PBXFileReference; fileEncoding = 4; lastKnownFileType = sourcecode.c.h; path = CharacteristicTableViewCell.h; sourceTree = "<group>"; };
		3B75FC7B1E72FD7600C33A27 /* CharacteristicTableViewCell.m */ = {isa = PBXFileReference; fileEncoding = 4; lastKnownFileType = sourcecode.c.objc; path = CharacteristicTableViewCell.m; sourceTree = "<group>"; };
		95AE931D2784C78300EAF0E4 /* README.md */ = {isa = PBXFileReference; fileEncoding = 4; lastKnownFileType = net.daringfireball.markdown; path = README.md; sourceTree = "<group>"; };
/* End PBXFileReference section */

/* Begin PBXFrameworksBuildPhase section */
		3B75FC451E72C60200C33A27 /* Frameworks */ = {
			isa = PBXFrameworksBuildPhase;
			buildActionMask = 2147483647;
			files = (
			);
			runOnlyForDeploymentPostprocessing = 0;
		};
		3B75FC5E1E72C60300C33A27 /* Frameworks */ = {
			isa = PBXFrameworksBuildPhase;
			buildActionMask = 2147483647;
			files = (
			);
			runOnlyForDeploymentPostprocessing = 0;
		};
/* End PBXFrameworksBuildPhase section */

/* Begin PBXGroup section */
		3B75FC3F1E72C60200C33A27 = {
			isa = PBXGroup;
			children = (
				95AE931D2784C78300EAF0E4 /* README.md */,
				3B75FC4A1E72C60300C33A27 /* DungeonsDragons */,
				3B75FC641E72C60300C33A27 /* DungeonsDragonsTests */,
				3B75FC491E72C60300C33A27 /* Products */,
			);
			sourceTree = "<group>";
		};
		3B75FC491E72C60300C33A27 /* Products */ = {
			isa = PBXGroup;
			children = (
				3B75FC481E72C60300C33A27 /* D&D.app */,
				3B75FC611E72C60300C33A27 /* DungeonsDragonsTests.xctest */,
			);
			name = Products;
			sourceTree = "<group>";
		};
		3B75FC4A1E72C60300C33A27 /* DungeonsDragons */ = {
			isa = PBXGroup;
			children = (
				3B75FC4C1E72C60300C33A27 /* main.m */,
				3B75FC4E1E72C60300C33A27 /* AppDelegate.h */,
				3B75FC4F1E72C60300C33A27 /* AppDelegate.m */,
				3B75FC541E72C60300C33A27 /* Main.storyboard */,
				3B75FC591E72C60300C33A27 /* LaunchScreen.storyboard */,
				3B75FC571E72C60300C33A27 /* Assets.xcassets */,
				3B75FC5C1E72C60300C33A27 /* Info.plist */,
				3B75FC731E72E40700C33A27 /* Entity */,
				3B75FC7E1E736A4700C33A27 /* Characters */,
			);
			path = DungeonsDragons;
			sourceTree = "<group>";
		};
		3B75FC641E72C60300C33A27 /* DungeonsDragonsTests */ = {
			isa = PBXGroup;
			children = (
				3B75FC651E72C60300C33A27 /* DungeonsDragonsTests.m */,
				3B75FC671E72C60300C33A27 /* Info.plist */,
			);
			path = DungeonsDragonsTests;
			sourceTree = "<group>";
		};
		3B75FC731E72E40700C33A27 /* Entity */ = {
			isa = PBXGroup;
			children = (
				3B75FC741E72E43600C33A27 /* CharacterEntity.h */,
				3B75FC751E72E43600C33A27 /* CharacterEntity.m */,
			);
			name = Entity;
			sourceTree = "<group>";
		};
		3B75FC7D1E7369EC00C33A27 /* Model */ = {
			isa = PBXGroup;
			children = (
				3B75FC771E72F6D400C33A27 /* CharactersModel.h */,
				3B75FC781E72F6D400C33A27 /* CharactersModel.m */,
			);
			name = Model;
			sourceTree = "<group>";
		};
		3B75FC7E1E736A4700C33A27 /* Characters */ = {
			isa = PBXGroup;
			children = (
				3B75FC7D1E7369EC00C33A27 /* Model */,
				3B75FC511E72C60300C33A27 /* CharactersViewController.h */,
				3B75FC521E72C60300C33A27 /* CharactersViewController.m */,
				3B75FC701E72CA0100C33A27 /* CharacterTableViewCell.h */,
				3B75FC711E72CA0100C33A27 /* CharacterTableViewCell.m */,
				3B75FC7A1E72FD7600C33A27 /* CharacteristicTableViewCell.h */,
				3B75FC7B1E72FD7600C33A27 /* CharacteristicTableViewCell.m */,
			);
			name = Characters;
			sourceTree = "<group>";
		};
/* End PBXGroup section */

/* Begin PBXNativeTarget section */
		3B75FC471E72C60200C33A27 /* DungeonsDragons */ = {
			isa = PBXNativeTarget;
			buildConfigurationList = 3B75FC6A1E72C60300C33A27 /* Build configuration list for PBXNativeTarget "DungeonsDragons" */;
			buildPhases = (
				3B75FC441E72C60200C33A27 /* Sources */,
				3B75FC451E72C60200C33A27 /* Frameworks */,
				3B75FC461E72C60200C33A27 /* Resources */,
			);
			buildRules = (
			);
			dependencies = (
			);
			name = DungeonsDragons;
			productName = Coya_SergeiPrikhodko;
			productReference = 3B75FC481E72C60300C33A27 /* D&D.app */;
			productType = "com.apple.product-type.application";
		};
		3B75FC601E72C60300C33A27 /* DungeonsDragonsTests */ = {
			isa = PBXNativeTarget;
			buildConfigurationList = 3B75FC6D1E72C60300C33A27 /* Build configuration list for PBXNativeTarget "DungeonsDragonsTests" */;
			buildPhases = (
				3B75FC5D1E72C60300C33A27 /* Sources */,
				3B75FC5E1E72C60300C33A27 /* Frameworks */,
				3B75FC5F1E72C60300C33A27 /* Resources */,
			);
			buildRules = (
			);
			dependencies = (
				3B75FC631E72C60300C33A27 /* PBXTargetDependency */,
			);
			name = DungeonsDragonsTests;
			productName = Coya_SergeiPrikhodkoTests;
			productReference = 3B75FC611E72C60300C33A27 /* DungeonsDragonsTests.xctest */;
			productType = "com.apple.product-type.bundle.unit-test";
		};
/* End PBXNativeTarget section */

/* Begin PBXProject section */
		3B75FC401E72C60200C33A27 /* Project object */ = {
			isa = PBXProject;
			attributes = {
				LastUpgradeCheck = 0820;
				ORGANIZATIONNAME = "Sergei Prikhodko";
				TargetAttributes = {
					3B75FC471E72C60200C33A27 = {
						CreatedOnToolsVersion = 8.2.1;
						ProvisioningStyle = Manual;
					};
					3B75FC601E72C60300C33A27 = {
						CreatedOnToolsVersion = 8.2.1;
						ProvisioningStyle = Manual;
						TestTargetID = 3B75FC471E72C60200C33A27;
					};
				};
			};
			buildConfigurationList = 3B75FC431E72C60200C33A27 /* Build configuration list for PBXProject "DungeonsDragons" */;
			compatibilityVersion = "Xcode 3.2";
			developmentRegion = English;
			hasScannedForEncodings = 0;
			knownRegions = (
				English,
				en,
				Base,
			);
			mainGroup = 3B75FC3F1E72C60200C33A27;
			productRefGroup = 3B75FC491E72C60300C33A27 /* Products */;
			projectDirPath = "";
			projectRoot = "";
			targets = (
				3B75FC471E72C60200C33A27 /* DungeonsDragons */,
				3B75FC601E72C60300C33A27 /* DungeonsDragonsTests */,
			);
		};
/* End PBXProject section */

/* Begin PBXResourcesBuildPhase section */
		3B75FC461E72C60200C33A27 /* Resources */ = {
			isa = PBXResourcesBuildPhase;
			buildActionMask = 2147483647;
			files = (
				3B75FC5B1E72C60300C33A27 /* LaunchScreen.storyboard in Resources */,
				3B75FC581E72C60300C33A27 /* Assets.xcassets in Resources */,
				95AE931E2784C78300EAF0E4 /* README.md in Resources */,
				3B75FC561E72C60300C33A27 /* Main.storyboard in Resources */,
			);
			runOnlyForDeploymentPostprocessing = 0;
		};
		3B75FC5F1E72C60300C33A27 /* Resources */ = {
			isa = PBXResourcesBuildPhase;
			buildActionMask = 2147483647;
			files = (
			);
			runOnlyForDeploymentPostprocessing = 0;
		};
/* End PBXResourcesBuildPhase section */

/* Begin PBXSourcesBuildPhase section */
		3B75FC441E72C60200C33A27 /* Sources */ = {
			isa = PBXSourcesBuildPhase;
			buildActionMask = 2147483647;
			files = (
				3B75FC531E72C60300C33A27 /* CharactersViewController.m in Sources */,
				3B75FC791E72F6D400C33A27 /* CharactersModel.m in Sources */,
				3B75FC501E72C60300C33A27 /* AppDelegate.m in Sources */,
				3B75FC4D1E72C60300C33A27 /* main.m in Sources */,
				3B75FC761E72E43600C33A27 /* CharacterEntity.m in Sources */,
				3B75FC7C1E72FD7600C33A27 /* CharacteristicTableViewCell.m in Sources */,
				3B75FC721E72CA0100C33A27 /* CharacterTableViewCell.m in Sources */,
			);
			runOnlyForDeploymentPostprocessing = 0;
		};
		3B75FC5D1E72C60300C33A27 /* Sources */ = {
			isa = PBXSourcesBuildPhase;
			buildActionMask = 2147483647;
			files = (
				3B75FC661E72C60300C33A27 /* DungeonsDragonsTests.m in Sources */,
			);
			runOnlyForDeploymentPostprocessing = 0;
		};
/* End PBXSourcesBuildPhase section */

/* Begin PBXTargetDependency section */
		3B75FC631E72C60300C33A27 /* PBXTargetDependency */ = {
			isa = PBXTargetDependency;
			target = 3B75FC471E72C60200C33A27 /* DungeonsDragons */;
			targetProxy = 3B75FC621E72C60300C33A27 /* PBXContainerItemProxy */;
		};
/* End PBXTargetDependency section */

/* Begin PBXVariantGroup section */
		3B75FC541E72C60300C33A27 /* Main.storyboard */ = {
			isa = PBXVariantGroup;
			children = (
				3B75FC551E72C60300C33A27 /* Base */,
			);
			name = Main.storyboard;
			sourceTree = "<group>";
		};
		3B75FC591E72C60300C33A27 /* LaunchScreen.storyboard */ = {
			isa = PBXVariantGroup;
			children = (
				3B75FC5A1E72C60300C33A27 /* Base */,
			);
			name = LaunchScreen.storyboard;
			sourceTree = "<group>";
		};
/* End PBXVariantGroup section */

/* Begin XCBuildConfiguration section */
		3B75FC681E72C60300C33A27 /* Debug */ = {
			isa = XCBuildConfiguration;
			buildSettings = {
				ALWAYS_SEARCH_USER_PATHS = NO;
				CLANG_ANALYZER_NONNULL = YES;
				CLANG_CXX_LANGUAGE_STANDARD = "gnu++0x";
				CLANG_CXX_LIBRARY = "libc++";
				CLANG_ENABLE_MODULES = YES;
				CLANG_ENABLE_OBJC_ARC = YES;
				CLANG_WARN_BOOL_CONVERSION = YES;
				CLANG_WARN_CONSTANT_CONVERSION = YES;
				CLANG_WARN_DIRECT_OBJC_ISA_USAGE = YES_ERROR;
				CLANG_WARN_DOCUMENTATION_COMMENTS = YES;
				CLANG_WARN_EMPTY_BODY = YES;
				CLANG_WARN_ENUM_CONVERSION = YES;
				CLANG_WARN_INFINITE_RECURSION = YES;
				CLANG_WARN_INT_CONVERSION = YES;
				CLANG_WARN_OBJC_ROOT_CLASS = YES_ERROR;
				CLANG_WARN_SUSPICIOUS_MOVE = YES;
				CLANG_WARN_UNREACHABLE_CODE = YES;
				CLANG_WARN__DUPLICATE_METHOD_MATCH = YES;
				"CODE_SIGN_IDENTITY[sdk=iphoneos*]" = "iPhone Developer";
				COPY_PHASE_STRIP = NO;
				DEBUG_INFORMATION_FORMAT = dwarf;
				ENABLE_STRICT_OBJC_MSGSEND = YES;
				ENABLE_TESTABILITY = YES;
				GCC_C_LANGUAGE_STANDARD = gnu99;
				GCC_DYNAMIC_NO_PIC = NO;
				GCC_NO_COMMON_BLOCKS = YES;
				GCC_OPTIMIZATION_LEVEL = 0;
				GCC_PREPROCESSOR_DEFINITIONS = (
					"DEBUG=1",
					"$(inherited)",
				);
				GCC_WARN_64_TO_32_BIT_CONVERSION = YES;
				GCC_WARN_ABOUT_RETURN_TYPE = YES_ERROR;
				GCC_WARN_UNDECLARED_SELECTOR = YES;
				GCC_WARN_UNINITIALIZED_AUTOS = YES_AGGRESSIVE;
				GCC_WARN_UNUSED_FUNCTION = YES;
				GCC_WARN_UNUSED_VARIABLE = YES;
				IPHONEOS_DEPLOYMENT_TARGET = 15.0;
				MTL_ENABLE_DEBUG_INFO = YES;
				ONLY_ACTIVE_ARCH = YES;
				SDKROOT = iphoneos;
				TARGETED_DEVICE_FAMILY = "1,2";
			};
			name = Debug;
		};
		3B75FC691E72C60300C33A27 /* Release */ = {
			isa = XCBuildConfiguration;
			buildSettings = {
				ALWAYS_SEARCH_USER_PATHS = NO;
				CLANG_ANALYZER_NONNULL = YES;
				CLANG_CXX_LANGUAGE_STANDARD = "gnu++0x";
				CLANG_CXX_LIBRARY = "libc++";
				CLANG_ENABLE_MODULES = YES;
				CLANG_ENABLE_OBJC_ARC = YES;
				CLANG_WARN_BOOL_CONVERSION = YES;
				CLANG_WARN_CONSTANT_CONVERSION = YES;
				CLANG_WARN_DIRECT_OBJC_ISA_USAGE = YES_ERROR;
				CLANG_WARN_DOCUMENTATION_COMMENTS = YES;
				CLANG_WARN_EMPTY_BODY = YES;
				CLANG_WARN_ENUM_CONVERSION = YES;
				CLANG_WARN_INFINITE_RECURSION = YES;
				CLANG_WARN_INT_CONVERSION = YES;
				CLANG_WARN_OBJC_ROOT_CLASS = YES_ERROR;
				CLANG_WARN_SUSPICIOUS_MOVE = YES;
				CLANG_WARN_UNREACHABLE_CODE = YES;
				CLANG_WARN__DUPLICATE_METHOD_MATCH = YES;
				"CODE_SIGN_IDENTITY[sdk=iphoneos*]" = "iPhone Developer";
				COPY_PHASE_STRIP = NO;
				DEBUG_INFORMATION_FORMAT = "dwarf-with-dsym";
				ENABLE_NS_ASSERTIONS = NO;
				ENABLE_STRICT_OBJC_MSGSEND = YES;
				GCC_C_LANGUAGE_STANDARD = gnu99;
				GCC_NO_COMMON_BLOCKS = YES;
				GCC_WARN_64_TO_32_BIT_CONVERSION = YES;
				GCC_WARN_ABOUT_RETURN_TYPE = YES_ERROR;
				GCC_WARN_UNDECLARED_SELECTOR = YES;
				GCC_WARN_UNINITIALIZED_AUTOS = YES_AGGRESSIVE;
				GCC_WARN_UNUSED_FUNCTION = YES;
				GCC_WARN_UNUSED_VARIABLE = YES;
				IPHONEOS_DEPLOYMENT_TARGET = 15.0;
				MTL_ENABLE_DEBUG_INFO = NO;
				SDKROOT = iphoneos;
				TARGETED_DEVICE_FAMILY = "1,2";
				VALIDATE_PRODUCT = YES;
			};
			name = Release;
		};
		3B75FC6B1E72C60300C33A27 /* Debug */ = {
			isa = XCBuildConfiguration;
			buildSettings = {
				ASSETCATALOG_COMPILER_APPICON_NAME = AppIcon;
				CODE_SIGN_STYLE = Manual;
				DEVELOPMENT_TEAM = "";
				INFOPLIST_FILE = DungeonsDragons/Info.plist;
				LD_RUNPATH_SEARCH_PATHS = "$(inherited) @executable_path/Frameworks";
				PRODUCT_BUNDLE_IDENTIFIER = dollar2048.DungeonsDragons;
				PRODUCT_NAME = "D&D";
				PROVISIONING_PROFILE_SPECIFIER = "";
			};
			name = Debug;
		};
		3B75FC6C1E72C60300C33A27 /* Release */ = {
			isa = XCBuildConfiguration;
			buildSettings = {
				ASSETCATALOG_COMPILER_APPICON_NAME = AppIcon;
				CODE_SIGN_STYLE = Manual;
				DEVELOPMENT_TEAM = "";
				INFOPLIST_FILE = DungeonsDragons/Info.plist;
				LD_RUNPATH_SEARCH_PATHS = "$(inherited) @executable_path/Frameworks";
				PRODUCT_BUNDLE_IDENTIFIER = dollar2048.DungeonsDragons;
				PRODUCT_NAME = "D&D";
				PROVISIONING_PROFILE_SPECIFIER = "";
			};
			name = Release;
		};
		3B75FC6E1E72C60300C33A27 /* Debug */ = {
			isa = XCBuildConfiguration;
			buildSettings = {
				BUNDLE_LOADER = "$(TEST_HOST)";
				CODE_SIGN_IDENTITY = "Apple Development";
				"CODE_SIGN_IDENTITY[sdk=macosx*]" = "Apple Development";
				CODE_SIGN_STYLE = Manual;
				DEVELOPMENT_TEAM = "";
				INFOPLIST_FILE = Coya_SergeiPrikhodkoTests/Info.plist;
				LD_RUNPATH_SEARCH_PATHS = "$(inherited) @executable_path/Frameworks @loader_path/Frameworks";
				PRODUCT_BUNDLE_IDENTIFIER = "sp.Coya-SergeiPrikhodkoTests";
				PRODUCT_NAME = "$(TARGET_NAME)";
				PROVISIONING_PROFILE_SPECIFIER = "";
				"PROVISIONING_PROFILE_SPECIFIER[sdk=macosx*]" = "";
				TEST_HOST = "$(BUILT_PRODUCTS_DIR)/DungeonsDragons.app/DungeonsDragons";
			};
			name = Debug;
		};
		3B75FC6F1E72C60300C33A27 /* Release */ = {
			isa = XCBuildConfiguration;
			buildSettings = {
				BUNDLE_LOADER = "$(TEST_HOST)";
				CODE_SIGN_IDENTITY = "Apple Development";
				"CODE_SIGN_IDENTITY[sdk=macosx*]" = "Apple Development";
				CODE_SIGN_STYLE = Manual;
				DEVELOPMENT_TEAM = "";
				INFOPLIST_FILE = Coya_SergeiPrikhodkoTests/Info.plist;
				LD_RUNPATH_SEARCH_PATHS = "$(inherited) @executable_path/Frameworks @loader_path/Frameworks";
				PRODUCT_BUNDLE_IDENTIFIER = "sp.Coya-SergeiPrikhodkoTests";
				PRODUCT_NAME = "$(TARGET_NAME)";
				PROVISIONING_PROFILE_SPECIFIER = "";
				"PROVISIONING_PROFILE_SPECIFIER[sdk=macosx*]" = "";
				TEST_HOST = "$(BUILT_PRODUCTS_DIR)/DungeonsDragons.app/DungeonsDragons";
			};
			name = Release;
		};
/* End XCBuildConfiguration section */

/* Begin XCConfigurationList section */
		3B75FC431E72C60200C33A27 /* Build configuration list for PBXProject "DungeonsDragons" */ = {
			isa = XCConfigurationList;
			buildConfigurations = (
				3B75FC681E72C60300C33A27 /* Debug */,
				3B75FC691E72C60300C33A27 /* Release */,
			);
			defaultConfigurationIsVisible = 0;
			defaultConfigurationName = Release;
		};
		3B75FC6A1E72C60300C33A27 /* Build configuration list for PBXNativeTarget "DungeonsDragons" */ = {
			isa = XCConfigurationList;
			buildConfigurations = (
				3B75FC6B1E72C60300C33A27 /* Debug */,
				3B75FC6C1E72C60300C33A27 /* Release */,
			);
			defaultConfigurationIsVisible = 0;
			defaultConfigurationName = Release;
		};
		3B75FC6D1E72C60300C33A27 /* Build configuration list for PBXNativeTarget "DungeonsDragonsTests" */ = {
			isa = XCConfigurationList;
			buildConfigurations = (
				3B75FC6E1E72C60300C33A27 /* Debug */,
				3B75FC6F1E72C60300C33A27 /* Release */,
			);
			defaultConfigurationIsVisible = 0;
			defaultConfigurationName = Release;
		};
/* End XCConfigurationList section */
	};
	rootObject = 3B75FC401E72C60200C33A27 /* Project object */;
}
